
Microsoft Visual Studio Solution File, Format Version 12.00
# Visual Studio Version 16
VisualStudioVersion = 16.0.31702.278
MinimumVisualStudioVersion = 10.0.40219.1
Project("{FAE04EC0-301F-11D3-BF4B-00C04F79EFBC}") = "SiraCRUD", "SiraCRUD\SiraCRUD.csproj", "{04C1FC50-3720-42D9-93F5-B3D5B070E58B}"
EndProject
Global
	GlobalSection(SolutionConfigurationPlatforms) = preSolution
		Debug|Any CPU = Debug|Any CPU
		Release|Any CPU = Release|Any CPU
	EndGlobalSection
	GlobalSection(ProjectConfigurationPlatforms) = postSolution
		{04C1FC50-3720-42D9-93F5-B3D5B070E58B}.Debug|Any CPU.ActiveCfg = Debug|Any CPU
		{04C1FC50-3720-42D9-93F5-B3D5B070E58B}.Debug|Any CPU.Build.0 = Debug|Any CPU
		{04C1FC50-3720-42D9-93F5-B3D5B070E58B}.Release|Any CPU.ActiveCfg = Release|Any CPU
		{04C1FC50-3720-42D9-93F5-B3D5B070E58B}.Release|Any CPU.Build.0 = Release|Any CPU
	EndGlobalSection
	GlobalSection(SolutionProperties) = preSolution
		HideSolutionNode = FALSE
	EndGlobalSection
	GlobalSection(ExtensibilityGlobals) = postSolution
		SolutionGuid = {FAEBFD84-6A68-49DC-BB66-32ED4E38B6F7}
	EndGlobalSection
EndGlobal
